
Microsoft Visual Studio Solution File, Format Version 12.00
# Visual Studio 2012
Project("{FAE04EC0-301F-11D3-BF4B-00C04F79EFBC}") = "SourceUtils", "SourceUtils\SourceUtils.csproj", "{00C7CFAB-9ED6-4B83-9AA0-4476B448CE8F}"
EndProject
Global
	GlobalSection(SolutionConfigurationPlatforms) = preSolution
		Debug|Any CPU = Debug|Any CPU
		Release|Any CPU = Release|Any CPU
	EndGlobalSection
	GlobalSection(ProjectConfigurationPlatforms) = postSolution
		{00C7CFAB-9ED6-4B83-9AA0-4476B448CE8F}.Debug|Any CPU.ActiveCfg = Debug|Any CPU
		{00C7CFAB-9ED6-4B83-9AA0-4476B448CE8F}.Debug|Any CPU.Build.0 = Debug|Any CPU
		{00C7CFAB-9ED6-4B83-9AA0-4476B448CE8F}.Release|Any CPU.ActiveCfg = Release|Any CPU
		{00C7CFAB-9ED6-4B83-9AA0-4476B448CE8F}.Release|Any CPU.Build.0 = Release|Any CPU
	EndGlobalSection
EndGlobal
