
Microsoft Visual Studio Solution File, Format Version 12.00
# Visual Studio Version 16
VisualStudioVersion = 16.0.29424.173
MinimumVisualStudioVersion = 10.0.40219.1
Project("{FAE04EC0-301F-11D3-BF4B-00C04F79EFBC}") = "SourceUtils", "SourceUtils\SourceUtils.csproj", "{2C5FEFA1-39BA-458E-B95C-2D8414958820}"
EndProject
Project("{FAE04EC0-301F-11D3-BF4B-00C04F79EFBC}") = "SourceUtils.WebExport", "SourceUtils.WebExport\SourceUtils.WebExport.csproj", "{171622AD-547B-496C-A230-16FCA08A0112}"
EndProject
Project("{FAE04EC0-301F-11D3-BF4B-00C04F79EFBC}") = "SourceUtils.FileExport", "SourceUtils.FileExport\SourceUtils.FileExport.csproj", "{1263BE7B-1E7F-415A-9CF9-917CBDD3572F}"
EndProject
Project("{FAE04EC0-301F-11D3-BF4B-00C04F79EFBC}") = "SourceUtils.Test", "SourceUtils.Test\SourceUtils.Test.csproj", "{B17851AD-7B29-464B-B92A-73816D6D8D7C}"
EndProject
Global
	GlobalSection(SolutionConfigurationPlatforms) = preSolution
		Debug|x64 = Debug|x64
		Release|x64 = Release|x64
	EndGlobalSection
	GlobalSection(ProjectConfigurationPlatforms) = postSolution
		{2C5FEFA1-39BA-458E-B95C-2D8414958820}.Debug|x64.ActiveCfg = Debug|x64
		{2C5FEFA1-39BA-458E-B95C-2D8414958820}.Debug|x64.Build.0 = Debug|x64
		{2C5FEFA1-39BA-458E-B95C-2D8414958820}.Release|x64.ActiveCfg = Release|x64
		{2C5FEFA1-39BA-458E-B95C-2D8414958820}.Release|x64.Build.0 = Release|x64
		{171622AD-547B-496C-A230-16FCA08A0112}.Debug|x64.ActiveCfg = Debug|x64
		{171622AD-547B-496C-A230-16FCA08A0112}.Debug|x64.Build.0 = Debug|x64
		{171622AD-547B-496C-A230-16FCA08A0112}.Release|x64.ActiveCfg = Release|x64
		{171622AD-547B-496C-A230-16FCA08A0112}.Release|x64.Build.0 = Release|x64
		{1263BE7B-1E7F-415A-9CF9-917CBDD3572F}.Debug|x64.ActiveCfg = Debug|x64
		{1263BE7B-1E7F-415A-9CF9-917CBDD3572F}.Debug|x64.Build.0 = Debug|x64
		{1263BE7B-1E7F-415A-9CF9-917CBDD3572F}.Release|x64.ActiveCfg = Release|x64
		{1263BE7B-1E7F-415A-9CF9-917CBDD3572F}.Release|x64.Build.0 = Release|x64
		{B17851AD-7B29-464B-B92A-73816D6D8D7C}.Debug|x64.ActiveCfg = Debug|x64
		{B17851AD-7B29-464B-B92A-73816D6D8D7C}.Debug|x64.Build.0 = Debug|x64
		{B17851AD-7B29-464B-B92A-73816D6D8D7C}.Release|x64.ActiveCfg = Release|x64
		{B17851AD-7B29-464B-B92A-73816D6D8D7C}.Release|x64.Build.0 = Release|x64
	EndGlobalSection
	GlobalSection(SolutionProperties) = preSolution
		HideSolutionNode = FALSE
	EndGlobalSection
	GlobalSection(ExtensibilityGlobals) = postSolution
		SolutionGuid = {BE348FED-0C4E-4470-BCC5-59D97B802B8C}
	EndGlobalSection
EndGlobal
